
Microsoft Visual Studio Solution File, Format Version 12.00
# Visual Studio 15
VisualStudioVersion = 15.0.26124.0
MinimumVisualStudioVersion = 15.0.26124.0
Project("{FAE04EC0-301F-11D3-BF4B-00C04F79EFBC}") = "sample.test", "sample.test\sample.test.csproj", "{C8AFD202-9F4D-4BAB-B643-6E69E9F60222}"
EndProject
Project("{FAE04EC0-301F-11D3-BF4B-00C04F79EFBC}") = "sample.web", "sample.web\sample.web.csproj", "{FCC1BE65-BFB7-42F8-8925-F93B12FC30BF}"
EndProject
Global
	GlobalSection(SolutionConfigurationPlatforms) = preSolution
		Debug|Any CPU = Debug|Any CPU
		Debug|x64 = Debug|x64
		Debug|x86 = Debug|x86
		Release|Any CPU = Release|Any CPU
		Release|x64 = Release|x64
		Release|x86 = Release|x86
	EndGlobalSection
	GlobalSection(SolutionProperties) = preSolution
		HideSolutionNode = FALSE
	EndGlobalSection
	GlobalSection(ProjectConfigurationPlatforms) = postSolution
		{C8AFD202-9F4D-4BAB-B643-6E69E9F60222}.Debug|Any CPU.ActiveCfg = Debug|Any CPU
		{C8AFD202-9F4D-4BAB-B643-6E69E9F60222}.Debug|Any CPU.Build.0 = Debug|Any CPU
		{C8AFD202-9F4D-4BAB-B643-6E69E9F60222}.Debug|x64.ActiveCfg = Debug|Any CPU
		{C8AFD202-9F4D-4BAB-B643-6E69E9F60222}.Debug|x64.Build.0 = Debug|Any CPU
		{C8AFD202-9F4D-4BAB-B643-6E69E9F60222}.Debug|x86.ActiveCfg = Debug|Any CPU
		{C8AFD202-9F4D-4BAB-B643-6E69E9F60222}.Debug|x86.Build.0 = Debug|Any CPU
		{C8AFD202-9F4D-4BAB-B643-6E69E9F60222}.Release|Any CPU.ActiveCfg = Release|Any CPU
		{C8AFD202-9F4D-4BAB-B643-6E69E9F60222}.Release|Any CPU.Build.0 = Release|Any CPU
		{C8AFD202-9F4D-4BAB-B643-6E69E9F60222}.Release|x64.ActiveCfg = Release|Any CPU
		{C8AFD202-9F4D-4BAB-B643-6E69E9F60222}.Release|x64.Build.0 = Release|Any CPU
		{C8AFD202-9F4D-4BAB-B643-6E69E9F60222}.Release|x86.ActiveCfg = Release|Any CPU
		{C8AFD202-9F4D-4BAB-B643-6E69E9F60222}.Release|x86.Build.0 = Release|Any CPU
		{FCC1BE65-BFB7-42F8-8925-F93B12FC30BF}.Debug|Any CPU.ActiveCfg = Debug|Any CPU
		{FCC1BE65-BFB7-42F8-8925-F93B12FC30BF}.Debug|Any CPU.Build.0 = Debug|Any CPU
		{FCC1BE65-BFB7-42F8-8925-F93B12FC30BF}.Debug|x64.ActiveCfg = Debug|Any CPU
		{FCC1BE65-BFB7-42F8-8925-F93B12FC30BF}.Debug|x64.Build.0 = Debug|Any CPU
		{FCC1BE65-BFB7-42F8-8925-F93B12FC30BF}.Debug|x86.ActiveCfg = Debug|Any CPU
		{FCC1BE65-BFB7-42F8-8925-F93B12FC30BF}.Debug|x86.Build.0 = Debug|Any CPU
		{FCC1BE65-BFB7-42F8-8925-F93B12FC30BF}.Release|Any CPU.ActiveCfg = Release|Any CPU
		{FCC1BE65-BFB7-42F8-8925-F93B12FC30BF}.Release|Any CPU.Build.0 = Release|Any CPU
		{FCC1BE65-BFB7-42F8-8925-F93B12FC30BF}.Release|x64.ActiveCfg = Release|Any CPU
		{FCC1BE65-BFB7-42F8-8925-F93B12FC30BF}.Release|x64.Build.0 = Release|Any CPU
		{FCC1BE65-BFB7-42F8-8925-F93B12FC30BF}.Release|x86.ActiveCfg = Release|Any CPU
		{FCC1BE65-BFB7-42F8-8925-F93B12FC30BF}.Release|x86.Build.0 = Release|Any CPU
	EndGlobalSection
EndGlobal
